PODS:
  - Kingfisher (7.1.2)
  - SwiftGifOrigin (1.7.0)

DEPENDENCIES:
  - Kingfisher (~> 7.0)
  - SwiftGifOrigin (~> 1.7.0)

SPEC REPOS:
  trunk:
    - Kingfisher
    - SwiftGifOrigin

SPEC CHECKSUMS:
  Kingfisher: 44ed6a8504763f27bab46163adfac83f5deb240c
  SwiftGifOrigin: fbd6cf37afcfcf97a5c3db996ddc0492e5c5c145

PODFILE CHECKSUM: 039adf37b532089b9d80499497a20c91179d60d1

COCOAPODS: 1.11.2
